Microsoft Visual Studio Solution File, Format Version 12.00
# Visual Studio Version 17
VisualStudioVersion = 17.0.31903.59
MinimumVisualStudioVersion = 10.0.40219.1
Project("{2150E333-8FDC-42A3-9474-1A3956D46DE8}") = "foundation", "foundation", "{965B3F67-478D-497F-9382-A58BC53A18A1}"
EndProject
Project("{FAE04EC0-301F-11D3-BF4B-00C04F79EFBC}") = "HRMS.SharedKernel", "foundation\HRMS.SharedKernel\HRMS.SharedKernel.csproj", "{0E3C71B8-C9CE-4C1E-977F-9F013EA0CB20}"
EndProject
Project("{FAE04EC0-301F-11D3-BF4B-00C04F79EFBC}") = "HRMS.Platform.Abstractions", "foundation\HRMS.Platform.Abstractions\HRMS.Platform.Abstractions.csproj", "{1112772F-CD73-43B9-A952-5E27683F380C}"
EndProject
Project("{FAE04EC0-301F-11D3-BF4B-00C04F79EFBC}") = "HRMS.Platform.Infrastructure", "foundation\HRMS.Platform.Infrastructure\HRMS.Platform.Infrastructure.csproj", "{58385E62-18AF-4740-82F2-A6CAD1FCD76E}"
EndProject
Global
	GlobalSection(SolutionConfigurationPlatforms) = preSolution
		Debug|Any CPU = Debug|Any CPU
		Release|Any CPU = Release|Any CPU
	EndGlobalSection
	GlobalSection(ProjectConfigurationPlatforms) = postSolution
		{0E3C71B8-C9CE-4C1E-977F-9F013EA0CB20}.Debug|Any CPU.ActiveCfg = Debug|Any CPU
		{0E3C71B8-C9CE-4C1E-977F-9F013EA0CB20}.Debug|Any CPU.Build.0 = Debug|Any CPU
		{0E3C71B8-C9CE-4C1E-977F-9F013EA0CB20}.Release|Any CPU.ActiveCfg = Release|Any CPU
		{0E3C71B8-C9CE-4C1E-977F-9F013EA0CB20}.Release|Any CPU.Build.0 = Release|Any CPU
		{1112772F-CD73-43B9-A952-5E27683F380C}.Debug|Any CPU.ActiveCfg = Debug|Any CPU
		{1112772F-CD73-43B9-A952-5E27683F380C}.Debug|Any CPU.Build.0 = Debug|Any CPU
		{1112772F-CD73-43B9-A952-5E27683F380C}.Release|Any CPU.ActiveCfg = Release|Any CPU
		{1112772F-CD73-43B9-A952-5E27683F380C}.Release|Any CPU.Build.0 = Release|Any CPU
		{58385E62-18AF-4740-82F2-A6CAD1FCD76E}.Debug|Any CPU.ActiveCfg = Debug|Any CPU
		{58385E62-18AF-4740-82F2-A6CAD1FCD76E}.Debug|Any CPU.Build.0 = Debug|Any CPU
		{58385E62-18AF-4740-82F2-A6CAD1FCD76E}.Release|Any CPU.ActiveCfg = Release|Any CPU
		{58385E62-18AF-4740-82F2-A6CAD1FCD76E}.Release|Any CPU.Build.0 = Release|Any CPU
	EndGlobalSection
	GlobalSection(SolutionProperties) = preSolution
		HideSolutionNode = FALSE
	EndGlobalSection
	GlobalSection(NestedProjects) = preSolution
		{0E3C71B8-C9CE-4C1E-977F-9F013EA0CB20} = {965B3F67-478D-497F-9382-A58BC53A18A1}
		{1112772F-CD73-43B9-A952-5E27683F380C} = {965B3F67-478D-497F-9382-A58BC53A18A1}
		{58385E62-18AF-4740-82F2-A6CAD1FCD76E} = {965B3F67-478D-497F-9382-A58BC53A18A1}
	EndGlobalSection
	GlobalSection(ExtensibilityGlobals) = postSolution
		SolutionGuid = {B8C5A1F2-6390-43C9-91DA-C0C7F63FD130}
	EndGlobalSection
EndGlobal
